
Microsoft Visual Studio Solution File, Format Version 12.00
# Visual Studio Version 16
VisualStudioVersion = 16.0.30804.86
MinimumVisualStudioVersion = 10.0.40219.1
Project("{2150E333-8FDC-42A3-9474-1A3956D46DE8}") = "ShopManagement", "ShopManagement", "{C277C5DE-E083-4594-B608-5C9CCF069128}"
EndProject
Project("{2150E333-8FDC-42A3-9474-1A3956D46DE8}") = "SM.Domain", "SM.Domain", "{E9B98621-BB67-43B9-ADA7-4A2B63167411}"
EndProject
Project("{9A19103F-16F7-4668-BE54-9A1E7A4F7556}") = "ShopManagement.Domain", "ShopManagement.Domain\ShopManagement.Domain.csproj", "{DB393D3C-0717-4A95-94A8-0E90F247A002}"
EndProject
Project("{9A19103F-16F7-4668-BE54-9A1E7A4F7556}") = "0_Framework", "0_Framework\0_Framework.csproj", "{83B82DBB-4BBA-4FB9-BF7C-235E4FCB38FF}"
EndProject
Project("{2150E333-8FDC-42A3-9474-1A3956D46DE8}") = "SM.Application", "SM.Application", "{73756894-A52F-4E41-A0B6-A440643E697C}"
EndProject
Project("{9A19103F-16F7-4668-BE54-9A1E7A4F7556}") = "ShopManagement.Application.Contracts", "ShopManagement.Application.Contracts\ShopManagement.Application.Contracts.csproj", "{E862470F-E981-4C70-B0A0-53E296D5CBA9}"
EndProject
Project("{9A19103F-16F7-4668-BE54-9A1E7A4F7556}") = "ShopManagement.Application", "ShopManagement.Application\ShopManagement.Application.csproj", "{FBC0E2EE-816B-453D-AE75-9FF81EC2DAA1}"
EndProject
Project("{2150E333-8FDC-42A3-9474-1A3956D46DE8}") = "SM.Infrastructure", "SM.Infrastructure", "{3204A9EB-DFF5-4302-A9D3-D4E2546DDBF8}"
EndProject
Project("{9A19103F-16F7-4668-BE54-9A1E7A4F7556}") = "ShopManagement.Infrastructure.EFCore", "ShopManagement.Infrastructure.EFCore\ShopManagement.Infrastructure.EFCore.csproj", "{D2F8860E-061B-48E5-92EB-178791E56FDF}"
EndProject
Project("{9A19103F-16F7-4668-BE54-9A1E7A4F7556}") = "ShopManagement.Configuration", "ShopManagement.Configuration\ShopManagement.Configuration.csproj", "{5BCC70D5-7D64-4FA2-873D-0CA8A0ADDB59}"
EndProject
Project("{9A19103F-16F7-4668-BE54-9A1E7A4F7556}") = "ServiceHost", "ServiceHost\ServiceHost.csproj", "{64461EBE-8A07-49FB-ADCF-E2D715C775BF}"
EndProject
Project("{9A19103F-16F7-4668-BE54-9A1E7A4F7556}") = "01_LampshadeQuery", "01_LampshadeQuery\01_LampshadeQuery.csproj", "{69ABDC97-D981-413F-B7C0-57A3E771E0F3}"
EndProject
Project("{2150E333-8FDC-42A3-9474-1A3956D46DE8}") = "DiscountManagement", "DiscountManagement", "{590FC576-5DF6-4605-B1B4-B7AE1DDB32F2}"
EndProject
Project("{2150E333-8FDC-42A3-9474-1A3956D46DE8}") = "DM.Domain", "DM.Domain", "{CD6D5602-C116-4B08-A8AE-4C27459BEC1D}"
EndProject
Project("{2150E333-8FDC-42A3-9474-1A3956D46DE8}") = "DM.Application", "DM.Application", "{251F565D-7D7F-4A8F-8319-DDB09A1BA7BB}"
EndProject
Project("{2150E333-8FDC-42A3-9474-1A3956D46DE8}") = "DM.Infrastructure", "DM.Infrastructure", "{88ACA0F0-18ED-40D2-9198-8C1084D5C0E6}"
EndProject
Project("{9A19103F-16F7-4668-BE54-9A1E7A4F7556}") = "DiscountManagement.Domain", "DiscountManagement.Domain\DiscountManagement.Domain.csproj", "{19175AF4-2267-4B43-9377-048B50742C17}"
EndProject
Project("{9A19103F-16F7-4668-BE54-9A1E7A4F7556}") = "DiscountManagement.Application.Contracts", "DiscountManagement.Application.Contracts\DiscountManagement.Application.Contracts.csproj", "{DFCF218A-4A55-46FD-86E2-914D3B319DD0}"
EndProject
Project("{9A19103F-16F7-4668-BE54-9A1E7A4F7556}") = "DiscountManagement.Application", "DiscountManagement.Application\DiscountManagement.Application.csproj", "{3BCFB371-F325-4BCD-999A-22AAF6C04232}"
EndProject
Project("{9A19103F-16F7-4668-BE54-9A1E7A4F7556}") = "DiscountManagement.Infrastructure.EFCore", "DiscountManagement.Infrastructure.EFCore\DiscountManagement.Infrastructure.EFCore.csproj", "{DB1C3027-7E19-4773-A059-7D021781813B}"
EndProject
Project("{9A19103F-16F7-4668-BE54-9A1E7A4F7556}") = "DiscountManagement.Configuration", "DiscountManagement.Configuration\DiscountManagement.Configuration.csproj", "{34B3FA8E-C7DA-4189-BC6A-FF4870B98D19}"
EndProject
Project("{2150E333-8FDC-42A3-9474-1A3956D46DE8}") = "InventoryManagement", "InventoryManagement", "{3D173F72-9409-4561-959B-E7B55C7B698E}"
EndProject
Project("{2150E333-8FDC-42A3-9474-1A3956D46DE8}") = "IM.Domain", "IM.Domain", "{106F557C-AE9F-4E99-8DF8-8E8B6E226DD4}"
EndProject
Project("{2150E333-8FDC-42A3-9474-1A3956D46DE8}") = "IM.Application", "IM.Application", "{322BBE6D-B9A3-4A13-AACC-86D95CF3CBEB}"
EndProject
Project("{2150E333-8FDC-42A3-9474-1A3956D46DE8}") = "IM.Infrastructure", "IM.Infrastructure", "{5FB66E5D-D12B-4CDB-A72D-35B18060F421}"
EndProject
Project("{9A19103F-16F7-4668-BE54-9A1E7A4F7556}") = "InventoryManagement.Domain", "InventoryManagement.Domain\InventoryManagement.Domain.csproj", "{E6CBABF6-469F-48EE-8D92-B6A78F745EB4}"
EndProject
Project("{9A19103F-16F7-4668-BE54-9A1E7A4F7556}") = "InventoryManagement.Application.Contracts", "InventoryManagement.Application.Contracts\InventoryManagement.Application.Contracts.csproj", "{89A92C3E-D86F-4C10-A623-531FD86D060B}"
EndProject
Project("{9A19103F-16F7-4668-BE54-9A1E7A4F7556}") = "InventoryManagement.Application", "InventoryManagement.Application\InventoryManagement.Application.csproj", "{15E5D642-74D7-4EA8-B8E1-18EE8E6684DA}"
EndProject
Project("{9A19103F-16F7-4668-BE54-9A1E7A4F7556}") = "InventoryManagement.Infrastructure.EFCore", "InventoryManagement.Infrastructure.EFCore\InventoryManagement.Infrastructure.EFCore.csproj", "{BB9557BA-1284-49CD-BE02-152EF78A7688}"
EndProject
Project("{9A19103F-16F7-4668-BE54-9A1E7A4F7556}") = "InventoryManagement.Infrastructure.Configuration", "InventoryManagement.Infrastructure.Configuration\InventoryManagement.Infrastructure.Configuration.csproj", "{5105D7A6-98B1-4D1B-862E-3E7B1C3DDDCE}"
EndProject
Project("{2150E333-8FDC-42A3-9474-1A3956D46DE8}") = "BlogManagement", "BlogManagement", "{1FC11FD0-CEE0-4110-913E-2558FEBFCC9D}"
EndProject
Project("{2150E333-8FDC-42A3-9474-1A3956D46DE8}") = "BM.Domain", "BM.Domain", "{EF92D70A-189A-4DB7-A8C5-FF3BE914B5E2}"
EndProject
Project("{2150E333-8FDC-42A3-9474-1A3956D46DE8}") = "BM.Application", "BM.Application", "{6E255BC5-C28C-4ECC-B2C4-E0E5748D35C8}"
EndProject
Project("{2150E333-8FDC-42A3-9474-1A3956D46DE8}") = "BM.Infrastructure", "BM.Infrastructure", "{6FDBE358-A86B-4EFE-ABC0-CBBEA5C195C3}"
EndProject
Project("{9A19103F-16F7-4668-BE54-9A1E7A4F7556}") = "BlogManagement.Domain", "BlogManagement.Domain\BlogManagement.Domain.csproj", "{392C0120-2289-45A1-A4DC-A09C2122D51B}"
EndProject
Project("{9A19103F-16F7-4668-BE54-9A1E7A4F7556}") = "BlogManagement.Application.Contracts", "BlogManagement.Application.Contracts\BlogManagement.Application.Contracts.csproj", "{FE7034EA-9E01-4BD4-BEAF-8C4624D2BFCF}"
EndProject
Project("{9A19103F-16F7-4668-BE54-9A1E7A4F7556}") = "BlogManagement.Application", "BlogManagement.Application\BlogManagement.Application.csproj", "{9A8D389D-4F58-43CD-92DB-BFD93754AA57}"
EndProject
Project("{9A19103F-16F7-4668-BE54-9A1E7A4F7556}") = "BlogManagement.Infrastructure.EFCore", "BlogManagement.Infrastructure.EFCore\BlogManagement.Infrastructure.EFCore.csproj", "{5804423B-9E54-4457-AA1F-D99C13BFE4BC}"
EndProject
Project("{9A19103F-16F7-4668-BE54-9A1E7A4F7556}") = "BlogManagement.Infrastructure.Configuration", "BlogManagement.Infrastructure.Configuration\BlogManagement.Infrastructure.Configuration.csproj", "{E9E7C7BC-4A11-46A1-A71E-74F23A123A48}"
EndProject
Global
	GlobalSection(SolutionConfigurationPlatforms) = preSolution
		Debug|Any CPU = Debug|Any CPU
		Release|Any CPU = Release|Any CPU
	EndGlobalSection
	GlobalSection(ProjectConfigurationPlatforms) = postSolution
		{DB393D3C-0717-4A95-94A8-0E90F247A002}.Debug|Any CPU.ActiveCfg = Debug|Any CPU
		{DB393D3C-0717-4A95-94A8-0E90F247A002}.Debug|Any CPU.Build.0 = Debug|Any CPU
		{DB393D3C-0717-4A95-94A8-0E90F247A002}.Release|Any CPU.ActiveCfg = Release|Any CPU
		{DB393D3C-0717-4A95-94A8-0E90F247A002}.Release|Any CPU.Build.0 = Release|Any CPU
		{83B82DBB-4BBA-4FB9-BF7C-235E4FCB38FF}.Debug|Any CPU.ActiveCfg = Debug|Any CPU
		{83B82DBB-4BBA-4FB9-BF7C-235E4FCB38FF}.Debug|Any CPU.Build.0 = Debug|Any CPU
		{83B82DBB-4BBA-4FB9-BF7C-235E4FCB38FF}.Release|Any CPU.ActiveCfg = Release|Any CPU
		{83B82DBB-4BBA-4FB9-BF7C-235E4FCB38FF}.Release|Any CPU.Build.0 = Release|Any CPU
		{E862470F-E981-4C70-B0A0-53E296D5CBA9}.Debug|Any CPU.ActiveCfg = Debug|Any CPU
		{E862470F-E981-4C70-B0A0-53E296D5CBA9}.Debug|Any CPU.Build.0 = Debug|Any CPU
		{E862470F-E981-4C70-B0A0-53E296D5CBA9}.Release|Any CPU.ActiveCfg = Release|Any CPU
		{E862470F-E981-4C70-B0A0-53E296D5CBA9}.Release|Any CPU.Build.0 = Release|Any CPU
		{FBC0E2EE-816B-453D-AE75-9FF81EC2DAA1}.Debug|Any CPU.ActiveCfg = Debug|Any CPU
		{FBC0E2EE-816B-453D-AE75-9FF81EC2DAA1}.Debug|Any CPU.Build.0 = Debug|Any CPU
		{FBC0E2EE-816B-453D-AE75-9FF81EC2DAA1}.Release|Any CPU.ActiveCfg = Release|Any CPU
		{FBC0E2EE-816B-453D-AE75-9FF81EC2DAA1}.Release|Any CPU.Build.0 = Release|Any CPU
		{D2F8860E-061B-48E5-92EB-178791E56FDF}.Debug|Any CPU.ActiveCfg = Debug|Any CPU
		{D2F8860E-061B-48E5-92EB-178791E56FDF}.Debug|Any CPU.Build.0 = Debug|Any CPU
		{D2F8860E-061B-48E5-92EB-178791E56FDF}.Release|Any CPU.ActiveCfg = Release|Any CPU
		{D2F8860E-061B-48E5-92EB-178791E56FDF}.Release|Any CPU.Build.0 = Release|Any CPU
		{5BCC70D5-7D64-4FA2-873D-0CA8A0ADDB59}.Debug|Any CPU.ActiveCfg = Debug|Any CPU
		{5BCC70D5-7D64-4FA2-873D-0CA8A0ADDB59}.Debug|Any CPU.Build.0 = Debug|Any CPU
		{5BCC70D5-7D64-4FA2-873D-0CA8A0ADDB59}.Release|Any CPU.ActiveCfg = Release|Any CPU
		{5BCC70D5-7D64-4FA2-873D-0CA8A0ADDB59}.Release|Any CPU.Build.0 = Release|Any CPU
		{64461EBE-8A07-49FB-ADCF-E2D715C775BF}.Debug|Any CPU.ActiveCfg = Debug|Any CPU
		{64461EBE-8A07-49FB-ADCF-E2D715C775BF}.Debug|Any CPU.Build.0 = Debug|Any CPU
		{64461EBE-8A07-49FB-ADCF-E2D715C775BF}.Release|Any CPU.ActiveCfg = Release|Any CPU
		{64461EBE-8A07-49FB-ADCF-E2D715C775BF}.Release|Any CPU.Build.0 = Release|Any CPU
		{69ABDC97-D981-413F-B7C0-57A3E771E0F3}.Debug|Any CPU.ActiveCfg = Debug|Any CPU
		{69ABDC97-D981-413F-B7C0-57A3E771E0F3}.Debug|Any CPU.Build.0 = Debug|Any CPU
		{69ABDC97-D981-413F-B7C0-57A3E771E0F3}.Release|Any CPU.ActiveCfg = Release|Any CPU
		{69ABDC97-D981-413F-B7C0-57A3E771E0F3}.Release|Any CPU.Build.0 = Release|Any CPU
		{19175AF4-2267-4B43-9377-048B50742C17}.Debug|Any CPU.ActiveCfg = Debug|Any CPU
		{19175AF4-2267-4B43-9377-048B50742C17}.Debug|Any CPU.Build.0 = Debug|Any CPU
		{19175AF4-2267-4B43-9377-048B50742C17}.Release|Any CPU.ActiveCfg = Release|Any CPU
		{19175AF4-2267-4B43-9377-048B50742C17}.Release|Any CPU.Build.0 = Release|Any CPU
		{DFCF218A-4A55-46FD-86E2-914D3B319DD0}.Debug|Any CPU.ActiveCfg = Debug|Any CPU
		{DFCF218A-4A55-46FD-86E2-914D3B319DD0}.Debug|Any CPU.Build.0 = Debug|Any CPU
		{DFCF218A-4A55-46FD-86E2-914D3B319DD0}.Release|Any CPU.ActiveCfg = Release|Any CPU
		{DFCF218A-4A55-46FD-86E2-914D3B319DD0}.Release|Any CPU.Build.0 = Release|Any CPU
		{3BCFB371-F325-4BCD-999A-22AAF6C04232}.Debug|Any CPU.ActiveCfg = Debug|Any CPU
		{3BCFB371-F325-4BCD-999A-22AAF6C04232}.Debug|Any CPU.Build.0 = Debug|Any CPU
		{3BCFB371-F325-4BCD-999A-22AAF6C04232}.Release|Any CPU.ActiveCfg = Release|Any CPU
		{3BCFB371-F325-4BCD-999A-22AAF6C04232}.Release|Any CPU.Build.0 = Release|Any CPU
		{DB1C3027-7E19-4773-A059-7D021781813B}.Debug|Any CPU.ActiveCfg = Debug|Any CPU
		{DB1C3027-7E19-4773-A059-7D021781813B}.Debug|Any CPU.Build.0 = Debug|Any CPU
		{DB1C3027-7E19-4773-A059-7D021781813B}.Release|Any CPU.ActiveCfg = Release|Any CPU
		{DB1C3027-7E19-4773-A059-7D021781813B}.Release|Any CPU.Build.0 = Release|Any CPU
		{34B3FA8E-C7DA-4189-BC6A-FF4870B98D19}.Debug|Any CPU.ActiveCfg = Debug|Any CPU
		{34B3FA8E-C7DA-4189-BC6A-FF4870B98D19}.Debug|Any CPU.Build.0 = Debug|Any CPU
		{34B3FA8E-C7DA-4189-BC6A-FF4870B98D19}.Release|Any CPU.ActiveCfg = Release|Any CPU
		{34B3FA8E-C7DA-4189-BC6A-FF4870B98D19}.Release|Any CPU.Build.0 = Release|Any CPU
		{E6CBABF6-469F-48EE-8D92-B6A78F745EB4}.Debug|Any CPU.ActiveCfg = Debug|Any CPU
		{E6CBABF6-469F-48EE-8D92-B6A78F745EB4}.Debug|Any CPU.Build.0 = Debug|Any CPU
		{E6CBABF6-469F-48EE-8D92-B6A78F745EB4}.Release|Any CPU.ActiveCfg = Release|Any CPU
		{E6CBABF6-469F-48EE-8D92-B6A78F745EB4}.Release|Any CPU.Build.0 = Release|Any CPU
		{89A92C3E-D86F-4C10-A623-531FD86D060B}.Debug|Any CPU.ActiveCfg = Debug|Any CPU
		{89A92C3E-D86F-4C10-A623-531FD86D060B}.Debug|Any CPU.Build.0 = Debug|Any CPU
		{89A92C3E-D86F-4C10-A623-531FD86D060B}.Release|Any CPU.ActiveCfg = Release|Any CPU
		{89A92C3E-D86F-4C10-A623-531FD86D060B}.Release|Any CPU.Build.0 = Release|Any CPU
		{15E5D642-74D7-4EA8-B8E1-18EE8E6684DA}.Debug|Any CPU.ActiveCfg = Debug|Any CPU
		{15E5D642-74D7-4EA8-B8E1-18EE8E6684DA}.Debug|Any CPU.Build.0 = Debug|Any CPU
		{15E5D642-74D7-4EA8-B8E1-18EE8E6684DA}.Release|Any CPU.ActiveCfg = Release|Any CPU
		{15E5D642-74D7-4EA8-B8E1-18EE8E6684DA}.Release|Any CPU.Build.0 = Release|Any CPU
		{BB9557BA-1284-49CD-BE02-152EF78A7688}.Debug|Any CPU.ActiveCfg = Debug|Any CPU
		{BB9557BA-1284-49CD-BE02-152EF78A7688}.Debug|Any CPU.Build.0 = Debug|Any CPU
		{BB9557BA-1284-49CD-BE02-152EF78A7688}.Release|Any CPU.ActiveCfg = Release|Any CPU
		{BB9557BA-1284-49CD-BE02-152EF78A7688}.Release|Any CPU.Build.0 = Release|Any CPU
		{5105D7A6-98B1-4D1B-862E-3E7B1C3DDDCE}.Debug|Any CPU.ActiveCfg = Debug|Any CPU
		{5105D7A6-98B1-4D1B-862E-3E7B1C3DDDCE}.Debug|Any CPU.Build.0 = Debug|Any CPU
		{5105D7A6-98B1-4D1B-862E-3E7B1C3DDDCE}.Release|Any CPU.ActiveCfg = Release|Any CPU
		{5105D7A6-98B1-4D1B-862E-3E7B1C3DDDCE}.Release|Any CPU.Build.0 = Release|Any CPU
		{392C0120-2289-45A1-A4DC-A09C2122D51B}.Debug|Any CPU.ActiveCfg = Debug|Any CPU
		{392C0120-2289-45A1-A4DC-A09C2122D51B}.Debug|Any CPU.Build.0 = Debug|Any CPU
		{392C0120-2289-45A1-A4DC-A09C2122D51B}.Release|Any CPU.ActiveCfg = Release|Any CPU
		{392C0120-2289-45A1-A4DC-A09C2122D51B}.Release|Any CPU.Build.0 = Release|Any CPU
		{FE7034EA-9E01-4BD4-BEAF-8C4624D2BFCF}.Debug|Any CPU.ActiveCfg = Debug|Any CPU
		{FE7034EA-9E01-4BD4-BEAF-8C4624D2BFCF}.Debug|Any CPU.Build.0 = Debug|Any CPU
		{FE7034EA-9E01-4BD4-BEAF-8C4624D2BFCF}.Release|Any CPU.ActiveCfg = Release|Any CPU
		{FE7034EA-9E01-4BD4-BEAF-8C4624D2BFCF}.Release|Any CPU.Build.0 = Release|Any CPU
		{9A8D389D-4F58-43CD-92DB-BFD93754AA57}.Debug|Any CPU.ActiveCfg = Debug|Any CPU
		{9A8D389D-4F58-43CD-92DB-BFD93754AA57}.Debug|Any CPU.Build.0 = Debug|Any CPU
		{9A8D389D-4F58-43CD-92DB-BFD93754AA57}.Release|Any CPU.ActiveCfg = Release|Any CPU
		{9A8D389D-4F58-43CD-92DB-BFD93754AA57}.Release|Any CPU.Build.0 = Release|Any CPU
		{5804423B-9E54-4457-AA1F-D99C13BFE4BC}.Debug|Any CPU.ActiveCfg = Debug|Any CPU
		{5804423B-9E54-4457-AA1F-D99C13BFE4BC}.Debug|Any CPU.Build.0 = Debug|Any CPU
		{5804423B-9E54-4457-AA1F-D99C13BFE4BC}.Release|Any CPU.ActiveCfg = Release|Any CPU
		{5804423B-9E54-4457-AA1F-D99C13BFE4BC}.Release|Any CPU.Build.0 = Release|Any CPU
		{E9E7C7BC-4A11-46A1-A71E-74F23A123A48}.Debug|Any CPU.ActiveCfg = Debug|Any CPU
		{E9E7C7BC-4A11-46A1-A71E-74F23A123A48}.Debug|Any CPU.Build.0 = Debug|Any CPU
		{E9E7C7BC-4A11-46A1-A71E-74F23A123A48}.Release|Any CPU.ActiveCfg = Release|Any CPU
		{E9E7C7BC-4A11-46A1-A71E-74F23A123A48}.Release|Any CPU.Build.0 = Release|Any CPU
	EndGlobalSection
	GlobalSection(SolutionProperties) = preSolution
		HideSolutionNode = FALSE
	EndGlobalSection
	GlobalSection(NestedProjects) = preSolution
		{E9B98621-BB67-43B9-ADA7-4A2B63167411} = {C277C5DE-E083-4594-B608-5C9CCF069128}
		{DB393D3C-0717-4A95-94A8-0E90F247A002} = {E9B98621-BB67-43B9-ADA7-4A2B63167411}
		{73756894-A52F-4E41-A0B6-A440643E697C} = {C277C5DE-E083-4594-B608-5C9CCF069128}
		{E862470F-E981-4C70-B0A0-53E296D5CBA9} = {73756894-A52F-4E41-A0B6-A440643E697C}
		{FBC0E2EE-816B-453D-AE75-9FF81EC2DAA1} = {73756894-A52F-4E41-A0B6-A440643E697C}
		{3204A9EB-DFF5-4302-A9D3-D4E2546DDBF8} = {C277C5DE-E083-4594-B608-5C9CCF069128}
		{D2F8860E-061B-48E5-92EB-178791E56FDF} = {3204A9EB-DFF5-4302-A9D3-D4E2546DDBF8}
		{5BCC70D5-7D64-4FA2-873D-0CA8A0ADDB59} = {3204A9EB-DFF5-4302-A9D3-D4E2546DDBF8}
		{CD6D5602-C116-4B08-A8AE-4C27459BEC1D} = {590FC576-5DF6-4605-B1B4-B7AE1DDB32F2}
		{251F565D-7D7F-4A8F-8319-DDB09A1BA7BB} = {590FC576-5DF6-4605-B1B4-B7AE1DDB32F2}
		{88ACA0F0-18ED-40D2-9198-8C1084D5C0E6} = {590FC576-5DF6-4605-B1B4-B7AE1DDB32F2}
		{19175AF4-2267-4B43-9377-048B50742C17} = {CD6D5602-C116-4B08-A8AE-4C27459BEC1D}
		{DFCF218A-4A55-46FD-86E2-914D3B319DD0} = {251F565D-7D7F-4A8F-8319-DDB09A1BA7BB}
		{3BCFB371-F325-4BCD-999A-22AAF6C04232} = {251F565D-7D7F-4A8F-8319-DDB09A1BA7BB}
		{DB1C3027-7E19-4773-A059-7D021781813B} = {88ACA0F0-18ED-40D2-9198-8C1084D5C0E6}
		{34B3FA8E-C7DA-4189-BC6A-FF4870B98D19} = {88ACA0F0-18ED-40D2-9198-8C1084D5C0E6}
		{106F557C-AE9F-4E99-8DF8-8E8B6E226DD4} = {3D173F72-9409-4561-959B-E7B55C7B698E}
		{322BBE6D-B9A3-4A13-AACC-86D95CF3CBEB} = {3D173F72-9409-4561-959B-E7B55C7B698E}
		{5FB66E5D-D12B-4CDB-A72D-35B18060F421} = {3D173F72-9409-4561-959B-E7B55C7B698E}
		{E6CBABF6-469F-48EE-8D92-B6A78F745EB4} = {106F557C-AE9F-4E99-8DF8-8E8B6E226DD4}
		{89A92C3E-D86F-4C10-A623-531FD86D060B} = {322BBE6D-B9A3-4A13-AACC-86D95CF3CBEB}
		{15E5D642-74D7-4EA8-B8E1-18EE8E6684DA} = {322BBE6D-B9A3-4A13-AACC-86D95CF3CBEB}
		{BB9557BA-1284-49CD-BE02-152EF78A7688} = {5FB66E5D-D12B-4CDB-A72D-35B18060F421}
		{5105D7A6-98B1-4D1B-862E-3E7B1C3DDDCE} = {5FB66E5D-D12B-4CDB-A72D-35B18060F421}
		{EF92D70A-189A-4DB7-A8C5-FF3BE914B5E2} = {1FC11FD0-CEE0-4110-913E-2558FEBFCC9D}
		{6E255BC5-C28C-4ECC-B2C4-E0E5748D35C8} = {1FC11FD0-CEE0-4110-913E-2558FEBFCC9D}
		{6FDBE358-A86B-4EFE-ABC0-CBBEA5C195C3} = {1FC11FD0-CEE0-4110-913E-2558FEBFCC9D}
		{392C0120-2289-45A1-A4DC-A09C2122D51B} = {EF92D70A-189A-4DB7-A8C5-FF3BE914B5E2}
		{FE7034EA-9E01-4BD4-BEAF-8C4624D2BFCF} = {6E255BC5-C28C-4ECC-B2C4-E0E5748D35C8}
		{9A8D389D-4F58-43CD-92DB-BFD93754AA57} = {6E255BC5-C28C-4ECC-B2C4-E0E5748D35C8}
		{5804423B-9E54-4457-AA1F-D99C13BFE4BC} = {6FDBE358-A86B-4EFE-ABC0-CBBEA5C195C3}
		{E9E7C7BC-4A11-46A1-A71E-74F23A123A48} = {6FDBE358-A86B-4EFE-ABC0-CBBEA5C195C3}
	EndGlobalSection
	GlobalSection(ExtensibilityGlobals) = postSolution
		SolutionGuid = {B6053508-EC6D-4C4A-B544-543DAF27A1ED}
	EndGlobalSection
EndGlobal
